// !$*UTF8*$!
{
	archiveVersion = 1;
	classes = {
	};
	objectVersion = 77;
	objects = {

/* Begin PBXBuildFile section */
		A10000000000000000000001 /* PulseWidget.swift in Sources */ = {isa = PBXBuildFile; fileRef = A10000000000000000000002 /* PulseWidget.swift */; };
/* End PBXBuildFile section */

/* Begin PBXFileReference section */
		A10000000000000000000003 /* PulseWidgetExtension.appex */ = {isa = PBXFileReference; explicitFileType = wrapper.app-extension; includeInIndex = 0; path = PulseWidgetExtension.appex; sourceTree = BUILT_PRODUCTS_DIR; };
		A10000000000000000000002 /* PulseWidget.swift */ = {isa = PBXFileReference; lastKnownFileType = sourcecode.swift; path = PulseWidget.swift; sourceTree = "<group>"; };
		A10000000000000000000004 /* Info.plist */ = {isa = PBXFileReference; lastKnownFileType = text.plist.xml; path = Info.plist; sourceTree = "<group>"; };
		A10000000000000000000005 /* PulseWidget.entitlements */ = {isa = PBXFileReference; lastKnownFileType = text.plist.entitlements; path = PulseWidget.entitlements; sourceTree = "<group>"; };
/* End PBXFileReference section */

/* Begin PBXFrameworksBuildPhase section */
		A10000000000000000000006 /* Frameworks */ = {isa = PBXFrameworksBuildPhase; buildActionMask = 2147483647; files = (); runOnlyForDeploymentPostprocessing = 0; };
/* End PBXFrameworksBuildPhase section */

/* Begin PBXGroup section */
		A10000000000000000000007 = {isa = PBXGroup; children = (A10000000000000000000008 /* PulseWidget */, A10000000000000000000009 /* Products */); sourceTree = "<group>"; };
		A10000000000000000000008 /* PulseWidget */ = {isa = PBXGroup; children = (A10000000000000000000002 /* PulseWidget.swift */, A10000000000000000000004 /* Info.plist */, A10000000000000000000005 /* PulseWidget.entitlements */); path = PulseWidget; sourceTree = "<group>"; };
		A10000000000000000000009 /* Products */ = {isa = PBXGroup; children = (A10000000000000000000003 /* PulseWidgetExtension.appex */); name = Products; sourceTree = "<group>"; };
/* End PBXGroup section */

/* Begin PBXNativeTarget section */
		A10000000000000000000010 /* PulseWidgetExtension */ = {isa = PBXNativeTarget; buildConfigurationList = A10000000000000000000011 /* Build configuration list for PBXNativeTarget "PulseWidgetExtension" */; buildPhases = (A10000000000000000000012 /* Sources */, A10000000000000000000006 /* Frameworks */, A10000000000000000000013 /* Resources */); buildRules = (); dependencies = (); name = PulseWidgetExtension; productName = PulseWidgetExtension; productReference = A10000000000000000000003 /* PulseWidgetExtension.appex */; productType = "com.apple.product-type.app-extension"; };
/* End PBXNativeTarget section */

/* Begin PBXProject section */
		A10000000000000000000014 /* Project object */ = {isa = PBXProject; attributes = {LastUpgradeCheck = 2700; TargetAttributes = {A10000000000000000000010 = {CreatedOnToolsVersion = 27.0; }; }; }; buildConfigurationList = A10000000000000000000015 /* Build configuration list for PBXProject "PulseWidget" */; compatibilityVersion = "Xcode 16.0"; developmentRegion = en; hasScannedForEncodings = 0; knownRegions = (en, Base); mainGroup = A10000000000000000000007; productRefGroup = A10000000000000000000009 /* Products */; projectDirPath = ""; projectRoot = ""; targets = (A10000000000000000000010 /* PulseWidgetExtension */); };
/* End PBXProject section */

/* Begin PBXResourcesBuildPhase section */
		A10000000000000000000013 /* Resources */ = {isa = PBXResourcesBuildPhase; buildActionMask = 2147483647; files = (); runOnlyForDeploymentPostprocessing = 0; };
/* End PBXResourcesBuildPhase section */

/* Begin PBXSourcesBuildPhase section */
		A10000000000000000000012 /* Sources */ = {isa = PBXSourcesBuildPhase; buildActionMask = 2147483647; files = (A10000000000000000000001 /* PulseWidget.swift in Sources */); runOnlyForDeploymentPostprocessing = 0; };
/* End PBXSourcesBuildPhase section */

/* Begin XCBuildConfiguration section */
		A10000000000000000000016 /* Debug */ = {isa = XCBuildConfiguration; buildSettings = { ALWAYS_SEARCH_USER_PATHS = NO; CLANG_ENABLE_MODULES = YES; CODE_SIGN_ENTITLEMENTS = PulseWidget/PulseWidget.entitlements; CODE_SIGN_STYLE = Automatic; CURRENT_PROJECT_VERSION = 1; DEVELOPMENT_TEAM = ""; GENERATE_INFOPLIST_FILE = NO; INFOPLIST_FILE = PulseWidget/Info.plist; IPHONEOS_DEPLOYMENT_TARGET = 17.0; MACOSX_DEPLOYMENT_TARGET = 14.0; MARKETING_VERSION = 0.1.0; PRODUCT_BUNDLE_IDENTIFIER = com.pulse.desktop.widget; PRODUCT_NAME = "$(TARGET_NAME)"; SWIFT_VERSION = 5.0; }; name = Debug; };
		A10000000000000000000017 /* Release */ = {isa = XCBuildConfiguration; buildSettings = { ALWAYS_SEARCH_USER_PATHS = NO; CLANG_ENABLE_MODULES = YES; CODE_SIGN_ENTITLEMENTS = PulseWidget/PulseWidget.entitlements; CODE_SIGN_STYLE = Automatic; CURRENT_PROJECT_VERSION = 1; DEVELOPMENT_TEAM = ""; GENERATE_INFOPLIST_FILE = NO; INFOPLIST_FILE = PulseWidget/Info.plist; IPHONEOS_DEPLOYMENT_TARGET = 17.0; MACOSX_DEPLOYMENT_TARGET = 14.0; MARKETING_VERSION = 0.1.0; PRODUCT_BUNDLE_IDENTIFIER = com.pulse.desktop.widget; PRODUCT_NAME = "$(TARGET_NAME)"; SWIFT_VERSION = 5.0; }; name = Release; };
		A10000000000000000000018 /* Debug */ = {isa = XCBuildConfiguration; buildSettings = { ALWAYS_SEARCH_USER_PATHS = NO; CLANG_ENABLE_MODULES = YES; MACOSX_DEPLOYMENT_TARGET = 14.0; }; name = Debug; };
		A10000000000000000000019 /* Release */ = {isa = XCBuildConfiguration; buildSettings = { ALWAYS_SEARCH_USER_PATHS = NO; CLANG_ENABLE_MODULES = YES; MACOSX_DEPLOYMENT_TARGET = 14.0; }; name = Release; };
/* End XCBuildConfiguration section */

/* Begin XCConfigurationList section */
		A10000000000000000000011 /* Build configuration list for PBXNativeTarget "PulseWidgetExtension" */ = {isa = XCConfigurationList; buildConfigurations = (A10000000000000000000016 /* Debug */, A10000000000000000000017 /* Release */); defaultConfigurationIsVisible = 0; defaultConfigurationName = Release; };
		A10000000000000000000015 /* Build configuration list for PBXProject "PulseWidget" */ = {isa = XCConfigurationList; buildConfigurations = (A10000000000000000000018 /* Debug */, A10000000000000000000019 /* Release */); defaultConfigurationIsVisible = 0; defaultConfigurationName = Release; };
/* End XCConfigurationList section */
	};
	rootObject = A10000000000000000000014 /* Project object */;
}
